
Microsoft Visual Studio Solution File, Format Version 12.00
# Visual Studio 15
VisualStudioVersion = 15.0.26228.9
MinimumVisualStudioVersion = 10.0.40219.1
Project("{FAE04EC0-301F-11D3-BF4B-00C04F79EFBC}") = "BindTools", "BindTools.csproj", "{F875BFE4-86DA-494E-B2EB-1C628262CB18}"
EndProject
Global
	GlobalSection(SolutionConfigurationPlatforms) = preSolution
		Debug|Any CPU = Debug|Any CPU
		Release|Any CPU = Release|Any CPU
	EndGlobalSection
	GlobalSection(ProjectConfigurationPlatforms) = postSolution
		{F875BFE4-86DA-494E-B2EB-1C628262CB18}.Debug|Any CPU.ActiveCfg = Debug|Any CPU
		{F875BFE4-86DA-494E-B2EB-1C628262CB18}.Debug|Any CPU.Build.0 = Debug|Any CPU
		{F875BFE4-86DA-494E-B2EB-1C628262CB18}.Release|Any CPU.ActiveCfg = Release|Any CPU
		{F875BFE4-86DA-494E-B2EB-1C628262CB18}.Release|Any CPU.Build.0 = Release|Any CPU
	EndGlobalSection
	GlobalSection(SolutionProperties) = preSolution
		HideSolutionNode = FALSE
	EndGlobalSection
EndGlobal
